
Microsoft Visual Studio Solution File, Format Version 12.00
# Visual Studio Version 17
VisualStudioVersion = 17.3.32929.385
MinimumVisualStudioVersion = 10.0.40219.1
Project("{FAE04EC0-301F-11D3-BF4B-00C04F79EFBC}") = "BooklibraryAPI", "BooklibraryAPI\BooklibraryAPI.csproj", "{4565B44B-6509-47DF-9FAB-BD8587B40F18}"
EndProject
Global
	GlobalSection(SolutionConfigurationPlatforms) = preSolution
		Debug|Any CPU = Debug|Any CPU
		Release|Any CPU = Release|Any CPU
	EndGlobalSection
	GlobalSection(ProjectConfigurationPlatforms) = postSolution
		{4565B44B-6509-47DF-9FAB-BD8587B40F18}.Debug|Any CPU.ActiveCfg = Debug|Any CPU
		{4565B44B-6509-47DF-9FAB-BD8587B40F18}.Debug|Any CPU.Build.0 = Debug|Any CPU
		{4565B44B-6509-47DF-9FAB-BD8587B40F18}.Release|Any CPU.ActiveCfg = Release|Any CPU
		{4565B44B-6509-47DF-9FAB-BD8587B40F18}.Release|Any CPU.Build.0 = Release|Any CPU
	EndGlobalSection
	GlobalSection(SolutionProperties) = preSolution
		HideSolutionNode = FALSE
	EndGlobalSection
	GlobalSection(ExtensibilityGlobals) = postSolution
		SolutionGuid = {5DE4C494-6469-46C4-A9BC-96393AF5E0D3}
	EndGlobalSection
EndGlobal
