
Microsoft Visual Studio Solution File, Format Version 12.00
# Visual Studio Version 17
VisualStudioVersion = 17.3.32825.248
MinimumVisualStudioVersion = 10.0.40219.1
Project("{9A19103F-16F7-4668-BE54-9A1E7A4F7556}") = "OpenLibraryWebService", "OpenLibraryWebService\OpenLibraryWebService.csproj", "{9BFABDC4-6652-44EC-B701-17E9FC16F337}"
EndProject
Project("{9A19103F-16F7-4668-BE54-9A1E7A4F7556}") = "OpenLibraryWebServiceLibrary", "OpenLibraryWebServiceLibrary\OpenLibraryWebServiceLibrary.csproj", "{C47472D6-35E1-43CD-B04D-17B28B909711}"
EndProject
Project("{FAE04EC0-301F-11D3-BF4B-00C04F79EFBC}") = "OpenLibraryWebServiceTests", "OpenLibraryWebServiceTests\OpenLibraryWebServiceTests.csproj", "{7F3167B4-D3B0-4CC0-BB15-FBD6B7D6CA16}"
EndProject
Global
	GlobalSection(SolutionConfigurationPlatforms) = preSolution
		Debug|Any CPU = Debug|Any CPU
		Release|Any CPU = Release|Any CPU
	EndGlobalSection
	GlobalSection(ProjectConfigurationPlatforms) = postSolution
		{9BFABDC4-6652-44EC-B701-17E9FC16F337}.Debug|Any CPU.ActiveCfg = Debug|Any CPU
		{9BFABDC4-6652-44EC-B701-17E9FC16F337}.Debug|Any CPU.Build.0 = Debug|Any CPU
		{9BFABDC4-6652-44EC-B701-17E9FC16F337}.Release|Any CPU.ActiveCfg = Release|Any CPU
		{9BFABDC4-6652-44EC-B701-17E9FC16F337}.Release|Any CPU.Build.0 = Release|Any CPU
		{C47472D6-35E1-43CD-B04D-17B28B909711}.Debug|Any CPU.ActiveCfg = Debug|Any CPU
		{C47472D6-35E1-43CD-B04D-17B28B909711}.Debug|Any CPU.Build.0 = Debug|Any CPU
		{C47472D6-35E1-43CD-B04D-17B28B909711}.Release|Any CPU.ActiveCfg = Release|Any CPU
		{C47472D6-35E1-43CD-B04D-17B28B909711}.Release|Any CPU.Build.0 = Release|Any CPU
		{7F3167B4-D3B0-4CC0-BB15-FBD6B7D6CA16}.Debug|Any CPU.ActiveCfg = Debug|Any CPU
		{7F3167B4-D3B0-4CC0-BB15-FBD6B7D6CA16}.Debug|Any CPU.Build.0 = Debug|Any CPU
		{7F3167B4-D3B0-4CC0-BB15-FBD6B7D6CA16}.Release|Any CPU.ActiveCfg = Release|Any CPU
		{7F3167B4-D3B0-4CC0-BB15-FBD6B7D6CA16}.Release|Any CPU.Build.0 = Release|Any CPU
	EndGlobalSection
	GlobalSection(SolutionProperties) = preSolution
		HideSolutionNode = FALSE
	EndGlobalSection
	GlobalSection(ExtensibilityGlobals) = postSolution
		SolutionGuid = {29BFC06E-1D86-40FB-8370-E33D2098176A}
	EndGlobalSection
EndGlobal
